
Microsoft Visual Studio Solution File, Format Version 12.00
# Visual Studio Version 17
VisualStudioVersion = 17.14.37216.2
MinimumVisualStudioVersion = 10.0.40219.1
Project("{FAE04EC0-301F-11D3-BF4B-00C04F79EFBC}") = "LogisticsManagementSystem", "LogisticsManagementSystem\LogisticsManagementSystem.csproj", "{F1BA865E-70A8-4A64-BC55-F52B75DA40A7}"
EndProject
Project("{FAE04EC0-301F-11D3-BF4B-00C04F79EFBC}") = "LogisticsManagementSystem.Tests", "LogisticsManagementSystem.Tests\LogisticsManagementSystem.Tests.csproj", "{ACE8BD16-30B6-49DF-A93E-B68460538AEE}"
EndProject
Project("{FAE04EC0-301F-11D3-BF4B-00C04F79EFBC}") = "LogisticsManagementSystem.Api", "LogisticsManagementSystem.Api\LogisticsManagementSystem.Api.csproj", "{51248B90-BFE7-4250-BDA1-C40891BA44B5}"
EndProject
Global
	GlobalSection(SolutionConfigurationPlatforms) = preSolution
		Debug|Any CPU = Debug|Any CPU
		Release|Any CPU = Release|Any CPU
	EndGlobalSection
	GlobalSection(ProjectConfigurationPlatforms) = postSolution
		{F1BA865E-70A8-4A64-BC55-F52B75DA40A7}.Debug|Any CPU.ActiveCfg = Debug|Any CPU
		{F1BA865E-70A8-4A64-BC55-F52B75DA40A7}.Debug|Any CPU.Build.0 = Debug|Any CPU
		{F1BA865E-70A8-4A64-BC55-F52B75DA40A7}.Release|Any CPU.ActiveCfg = Release|Any CPU
		{F1BA865E-70A8-4A64-BC55-F52B75DA40A7}.Release|Any CPU.Build.0 = Release|Any CPU
		{ACE8BD16-30B6-49DF-A93E-B68460538AEE}.Debug|Any CPU.ActiveCfg = Debug|Any CPU
		{ACE8BD16-30B6-49DF-A93E-B68460538AEE}.Debug|Any CPU.Build.0 = Debug|Any CPU
		{ACE8BD16-30B6-49DF-A93E-B68460538AEE}.Release|Any CPU.ActiveCfg = Release|Any CPU
		{ACE8BD16-30B6-49DF-A93E-B68460538AEE}.Release|Any CPU.Build.0 = Release|Any CPU
		{51248B90-BFE7-4250-BDA1-C40891BA44B5}.Debug|Any CPU.ActiveCfg = Debug|Any CPU
		{51248B90-BFE7-4250-BDA1-C40891BA44B5}.Debug|Any CPU.Build.0 = Debug|Any CPU
		{51248B90-BFE7-4250-BDA1-C40891BA44B5}.Release|Any CPU.ActiveCfg = Release|Any CPU
		{51248B90-BFE7-4250-BDA1-C40891BA44B5}.Release|Any CPU.Build.0 = Release|Any CPU
	EndGlobalSection
	GlobalSection(SolutionProperties) = preSolution
		HideSolutionNode = FALSE
	EndGlobalSection
	GlobalSection(ExtensibilityGlobals) = postSolution
		SolutionGuid = {504A1E9B-8008-4A50-8B9D-E8D231BDF2CD}
	EndGlobalSection
EndGlobal
